%{
  "nimble_parsec": {:hex, :nimble_parsec, "1.3.1", "2c54013ecf170e249e9291ed0a62e5832f70a476c61da16f6aac6dca0189f2af", [:mix], [], "hexpm", "2682e3c0b2eb58d90c6375fc0cc30bc7be06f365bf72608804fb9cffa5e1b167"},
  "solid": {:hex, :solid, "0.15.0", "e26594e800f66b1170c408cf411cdf5a1066d47d2ac66c23e647c4a7b3722899", [:mix], [{:nimble_parsec, "~> 1.0", [hex: :nimble_parsec, repo: "hexpm", optional: false]}], "hexpm", "780345e8544f4796895986498c1080f7aaa69b312d53d4708b85899a7e8698e6"},
}
